
Microsoft Visual Studio Solution File, Format Version 12.00
# Visual Studio Version 17
VisualStudioVersion = 17.12.35521.163
MinimumVisualStudioVersion = 10.0.40219.1
Project("{8BC9CEB8-8B4A-11D0-8D11-00A0C91BC942}") = "Problem 1", "Problem 1\Problem 1.vcxproj", "{D6AE869F-9345-4F70-BBBA-DBF18D7C1E66}"
EndProject
Project("{8BC9CEB8-8B4A-11D0-8D11-00A0C91BC942}") = "Problem 2", "Problem 2\Problem 2.vcxproj", "{88B40B37-E411-4C99-8799-29F135693DD3}"
EndProject
Project("{8BC9CEB8-8B4A-11D0-8D11-00A0C91BC942}") = "Problem 3", "Problem 3\Problem 3.vcxproj", "{C4BC7C5E-58D9-47B0-970C-4B39B027C88A}"
EndProject
Project("{8BC9CEB8-8B4A-11D0-8D11-00A0C91BC942}") = "Problem 4", "Problem 4\Problem 4.vcxproj", "{A6B9E377-FD34-4E9F-95F4-B964E1CD7036}"
EndProject
Project("{8BC9CEB8-8B4A-11D0-8D11-00A0C91BC942}") = "Problem 5", "Problem 5\Problem 5.vcxproj", "{C3BBF929-E440-4975-9DAE-1C76CBF5A79D}"
EndProject
Project("{8BC9CEB8-8B4A-11D0-8D11-00A0C91BC942}") = "Problem 6", "Problem 6\Problem 6.vcxproj", "{DCFD0EF8-0560-43D2-B02B-AF6DD1B39411}"
EndProject
Project("{8BC9CEB8-8B4A-11D0-8D11-00A0C91BC942}") = "Problem 7", "Problem 7\Problem 7.vcxproj", "{C6CAEE97-69F5-4B0B-B700-74A436B11531}"
EndProject
Project("{8BC9CEB8-8B4A-11D0-8D11-00A0C91BC942}") = "Problem 8", "Problem 8\Problem 8.vcxproj", "{849D0FF6-7A1F-48BB-9D52-8EAF9365EBA8}"
EndProject
Project("{8BC9CEB8-8B4A-11D0-8D11-00A0C91BC942}") = "Problem 9", "Problem 9\Problem 9.vcxproj", "{B1C675AF-610C-4896-A206-BF396D2219AE}"
EndProject
Project("{8BC9CEB8-8B4A-11D0-8D11-00A0C91BC942}") = "Problem 10", "Problem 10\Problem 10.vcxproj", "{8AAE2708-4918-47C9-9DEE-390E22A8409A}"
EndProject
Project("{8BC9CEB8-8B4A-11D0-8D11-00A0C91BC942}") = "Problem 11", "Problem 11\Problem 11.vcxproj", "{F146599A-9AD1-46B3-B9C1-F5435B3C4FA4}"
EndProject
Project("{8BC9CEB8-8B4A-11D0-8D11-00A0C91BC942}") = "Problem 13", "Problem 13\Problem 13.vcxproj", "{2179911E-7767-44EB-AF98-EA472102E67E}"
EndProject
Project("{8BC9CEB8-8B4A-11D0-8D11-00A0C91BC942}") = "Problem 14", "Problem 14\Problem 14.vcxproj", "{F4418349-045D-42DC-A830-2111DD08A0D1}"
EndProject
Project("{8BC9CEB8-8B4A-11D0-8D11-00A0C91BC942}") = "Problem 15", "Problem 15\Problem 15.vcxproj", "{B172D0DB-D55C-4AA2-87C5-4437D3FFA0DB}"
EndProject
Project("{8BC9CEB8-8B4A-11D0-8D11-00A0C91BC942}") = "Problem 16", "Problem 16\Problem 16.vcxproj", "{9F89A302-65A6-4299-9A37-F6229A5FF8F7}"
EndProject
Project("{8BC9CEB8-8B4A-11D0-8D11-00A0C91BC942}") = "Problem 17", "Problem 17\Problem 17.vcxproj", "{9758905D-6D70-473E-A887-22058BB18CF2}"
EndProject
Project("{8BC9CEB8-8B4A-11D0-8D11-00A0C91BC942}") = "Problem 18", "Problem 18\Problem 18.vcxproj", "{B565A610-14F3-4F20-858D-156642D9E952}"
EndProject
Project("{8BC9CEB8-8B4A-11D0-8D11-00A0C91BC942}") = "Problem 19", "Problem 19\Problem 19.vcxproj", "{5C83B71C-9BC1-4760-B836-B0AE71AACF56}"
EndProject
Project("{8BC9CEB8-8B4A-11D0-8D11-00A0C91BC942}") = "Problem 20", "Problem 20\Problem 20.vcxproj", "{2232EF5B-5211-4D1E-BEAC-86FFADFAB128}"
EndProject
Global
	GlobalSection(SolutionConfigurationPlatforms) = preSolution
		Debug|x64 = Debug|x64
		Debug|x86 = Debug|x86
		Release|x64 = Release|x64
		Release|x86 = Release|x86
	EndGlobalSection
	GlobalSection(ProjectConfigurationPlatforms) = postSolution
		{D6AE869F-9345-4F70-BBBA-DBF18D7C1E66}.Debug|x64.ActiveCfg = Debug|x64
		{D6AE869F-9345-4F70-BBBA-DBF18D7C1E66}.Debug|x64.Build.0 = Debug|x64
		{D6AE869F-9345-4F70-BBBA-DBF18D7C1E66}.Debug|x86.ActiveCfg = Debug|Win32
		{D6AE869F-9345-4F70-BBBA-DBF18D7C1E66}.Debug|x86.Build.0 = Debug|Win32
		{D6AE869F-9345-4F70-BBBA-DBF18D7C1E66}.Release|x64.ActiveCfg = Release|x64
		{D6AE869F-9345-4F70-BBBA-DBF18D7C1E66}.Release|x64.Build.0 = Release|x64
		{D6AE869F-9345-4F70-BBBA-DBF18D7C1E66}.Release|x86.ActiveCfg = Release|Win32
		{D6AE869F-9345-4F70-BBBA-DBF18D7C1E66}.Release|x86.Build.0 = Release|Win32
		{88B40B37-E411-4C99-8799-29F135693DD3}.Debug|x64.ActiveCfg = Debug|x64
		{88B40B37-E411-4C99-8799-29F135693DD3}.Debug|x64.Build.0 = Debug|x64
		{88B40B37-E411-4C99-8799-29F135693DD3}.Debug|x86.ActiveCfg = Debug|Win32
		{88B40B37-E411-4C99-8799-29F135693DD3}.Debug|x86.Build.0 = Debug|Win32
		{88B40B37-E411-4C99-8799-29F135693DD3}.Release|x64.ActiveCfg = Release|x64
		{88B40B37-E411-4C99-8799-29F135693DD3}.Release|x64.Build.0 = Release|x64
		{88B40B37-E411-4C99-8799-29F135693DD3}.Release|x86.ActiveCfg = Release|Win32
		{88B40B37-E411-4C99-8799-29F135693DD3}.Release|x86.Build.0 = Release|Win32
		{C4BC7C5E-58D9-47B0-970C-4B39B027C88A}.Debug|x64.ActiveCfg = Debug|x64
		{C4BC7C5E-58D9-47B0-970C-4B39B027C88A}.Debug|x64.Build.0 = Debug|x64
		{C4BC7C5E-58D9-47B0-970C-4B39B027C88A}.Debug|x86.ActiveCfg = Debug|Win32
		{C4BC7C5E-58D9-47B0-970C-4B39B027C88A}.Debug|x86.Build.0 = Debug|Win32
		{C4BC7C5E-58D9-47B0-970C-4B39B027C88A}.Release|x64.ActiveCfg = Release|x64
		{C4BC7C5E-58D9-47B0-970C-4B39B027C88A}.Release|x64.Build.0 = Release|x64
		{C4BC7C5E-58D9-47B0-970C-4B39B027C88A}.Release|x86.ActiveCfg = Release|Win32
		{C4BC7C5E-58D9-47B0-970C-4B39B027C88A}.Release|x86.Build.0 = Release|Win32
		{A6B9E377-FD34-4E9F-95F4-B964E1CD7036}.Debug|x64.ActiveCfg = Debug|x64
		{A6B9E377-FD34-4E9F-95F4-B964E1CD7036}.Debug|x64.Build.0 = Debug|x64
		{A6B9E377-FD34-4E9F-95F4-B964E1CD7036}.Debug|x86.ActiveCfg = Debug|Win32
		{A6B9E377-FD34-4E9F-95F4-B964E1CD7036}.Debug|x86.Build.0 = Debug|Win32
		{A6B9E377-FD34-4E9F-95F4-B964E1CD7036}.Release|x64.ActiveCfg = Release|x64
		{A6B9E377-FD34-4E9F-95F4-B964E1CD7036}.Release|x64.Build.0 = Release|x64
		{A6B9E377-FD34-4E9F-95F4-B964E1CD7036}.Release|x86.ActiveCfg = Release|Win32
		{A6B9E377-FD34-4E9F-95F4-B964E1CD7036}.Release|x86.Build.0 = Release|Win32
		{C3BBF929-E440-4975-9DAE-1C76CBF5A79D}.Debug|x64.ActiveCfg = Debug|x64
		{C3BBF929-E440-4975-9DAE-1C76CBF5A79D}.Debug|x64.Build.0 = Debug|x64
		{C3BBF929-E440-4975-9DAE-1C76CBF5A79D}.Debug|x86.ActiveCfg = Debug|Win32
		{C3BBF929-E440-4975-9DAE-1C76CBF5A79D}.Debug|x86.Build.0 = Debug|Win32
		{C3BBF929-E440-4975-9DAE-1C76CBF5A79D}.Release|x64.ActiveCfg = Release|x64
		{C3BBF929-E440-4975-9DAE-1C76CBF5A79D}.Release|x64.Build.0 = Release|x64
		{C3BBF929-E440-4975-9DAE-1C76CBF5A79D}.Release|x86.ActiveCfg = Release|Win32
		{C3BBF929-E440-4975-9DAE-1C76CBF5A79D}.Release|x86.Build.0 = Release|Win32
		{DCFD0EF8-0560-43D2-B02B-AF6DD1B39411}.Debug|x64.ActiveCfg = Debug|x64
		{DCFD0EF8-0560-43D2-B02B-AF6DD1B39411}.Debug|x64.Build.0 = Debug|x64
		{DCFD0EF8-0560-43D2-B02B-AF6DD1B39411}.Debug|x86.ActiveCfg = Debug|Win32
		{DCFD0EF8-0560-43D2-B02B-AF6DD1B39411}.Debug|x86.Build.0 = Debug|Win32
		{DCFD0EF8-0560-43D2-B02B-AF6DD1B39411}.Release|x64.ActiveCfg = Release|x64
		{DCFD0EF8-0560-43D2-B02B-AF6DD1B39411}.Release|x64.Build.0 = Release|x64
		{DCFD0EF8-0560-43D2-B02B-AF6DD1B39411}.Release|x86.ActiveCfg = Release|Win32
		{DCFD0EF8-0560-43D2-B02B-AF6DD1B39411}.Release|x86.Build.0 = Release|Win32
		{C6CAEE97-69F5-4B0B-B700-74A436B11531}.Debug|x64.ActiveCfg = Debug|x64
		{C6CAEE97-69F5-4B0B-B700-74A436B11531}.Debug|x64.Build.0 = Debug|x64
		{C6CAEE97-69F5-4B0B-B700-74A436B11531}.Debug|x86.ActiveCfg = Debug|Win32
		{C6CAEE97-69F5-4B0B-B700-74A436B11531}.Debug|x86.Build.0 = Debug|Win32
		{C6CAEE97-69F5-4B0B-B700-74A436B11531}.Release|x64.ActiveCfg = Release|x64
		{C6CAEE97-69F5-4B0B-B700-74A436B11531}.Release|x64.Build.0 = Release|x64
		{C6CAEE97-69F5-4B0B-B700-74A436B11531}.Release|x86.ActiveCfg = Release|Win32
		{C6CAEE97-69F5-4B0B-B700-74A436B11531}.Release|x86.Build.0 = Release|Win32
		{849D0FF6-7A1F-48BB-9D52-8EAF9365EBA8}.Debug|x64.ActiveCfg = Debug|x64
		{849D0FF6-7A1F-48BB-9D52-8EAF9365EBA8}.Debug|x64.Build.0 = Debug|x64
		{849D0FF6-7A1F-48BB-9D52-8EAF9365EBA8}.Debug|x86.ActiveCfg = Debug|Win32
		{849D0FF6-7A1F-48BB-9D52-8EAF9365EBA8}.Debug|x86.Build.0 = Debug|Win32
		{849D0FF6-7A1F-48BB-9D52-8EAF9365EBA8}.Release|x64.ActiveCfg = Release|x64
		{849D0FF6-7A1F-48BB-9D52-8EAF9365EBA8}.Release|x64.Build.0 = Release|x64
		{849D0FF6-7A1F-48BB-9D52-8EAF9365EBA8}.Release|x86.ActiveCfg = Release|Win32
		{849D0FF6-7A1F-48BB-9D52-8EAF9365EBA8}.Release|x86.Build.0 = Release|Win32
		{B1C675AF-610C-4896-A206-BF396D2219AE}.Debug|x64.ActiveCfg = Debug|x64
		{B1C675AF-610C-4896-A206-BF396D2219AE}.Debug|x64.Build.0 = Debug|x64
		{B1C675AF-610C-4896-A206-BF396D2219AE}.Debug|x86.ActiveCfg = Debug|Win32
		{B1C675AF-610C-4896-A206-BF396D2219AE}.Debug|x86.Build.0 = Debug|Win32
		{B1C675AF-610C-4896-A206-BF396D2219AE}.Release|x64.ActiveCfg = Release|x64
		{B1C675AF-610C-4896-A206-BF396D2219AE}.Release|x64.Build.0 = Release|x64
		{B1C675AF-610C-4896-A206-BF396D2219AE}.Release|x86.ActiveCfg = Release|Win32
		{B1C675AF-610C-4896-A206-BF396D2219AE}.Release|x86.Build.0 = Release|Win32
		{8AAE2708-4918-47C9-9DEE-390E22A8409A}.Debug|x64.ActiveCfg = Debug|x64
		{8AAE2708-4918-47C9-9DEE-390E22A8409A}.Debug|x64.Build.0 = Debug|x64
		{8AAE2708-4918-47C9-9DEE-390E22A8409A}.Debug|x86.ActiveCfg = Debug|Win32
		{8AAE2708-4918-47C9-9DEE-390E22A8409A}.Debug|x86.Build.0 = Debug|Win32
		{8AAE2708-4918-47C9-9DEE-390E22A8409A}.Release|x64.ActiveCfg = Release|x64
		{8AAE2708-4918-47C9-9DEE-390E22A8409A}.Release|x64.Build.0 = Release|x64
		{8AAE2708-4918-47C9-9DEE-390E22A8409A}.Release|x86.ActiveCfg = Release|Win32
		{8AAE2708-4918-47C9-9DEE-390E22A8409A}.Release|x86.Build.0 = Release|Win32
		{F146599A-9AD1-46B3-B9C1-F5435B3C4FA4}.Debug|x64.ActiveCfg = Debug|x64
		{F146599A-9AD1-46B3-B9C1-F5435B3C4FA4}.Debug|x64.Build.0 = Debug|x64
		{F146599A-9AD1-46B3-B9C1-F5435B3C4FA4}.Debug|x86.ActiveCfg = Debug|Win32
		{F146599A-9AD1-46B3-B9C1-F5435B3C4FA4}.Debug|x86.Build.0 = Debug|Win32
		{F146599A-9AD1-46B3-B9C1-F5435B3C4FA4}.Release|x64.ActiveCfg = Release|x64
		{F146599A-9AD1-46B3-B9C1-F5435B3C4FA4}.Release|x64.Build.0 = Release|x64
		{F146599A-9AD1-46B3-B9C1-F5435B3C4FA4}.Release|x86.ActiveCfg = Release|Win32
		{F146599A-9AD1-46B3-B9C1-F5435B3C4FA4}.Release|x86.Build.0 = Release|Win32
		{2179911E-7767-44EB-AF98-EA472102E67E}.Debug|x64.ActiveCfg = Debug|x64
		{2179911E-7767-44EB-AF98-EA472102E67E}.Debug|x64.Build.0 = Debug|x64
		{2179911E-7767-44EB-AF98-EA472102E67E}.Debug|x86.ActiveCfg = Debug|Win32
		{2179911E-7767-44EB-AF98-EA472102E67E}.Debug|x86.Build.0 = Debug|Win32
		{2179911E-7767-44EB-AF98-EA472102E67E}.Release|x64.ActiveCfg = Release|x64
		{2179911E-7767-44EB-AF98-EA472102E67E}.Release|x64.Build.0 = Release|x64
		{2179911E-7767-44EB-AF98-EA472102E67E}.Release|x86.ActiveCfg = Release|Win32
		{2179911E-7767-44EB-AF98-EA472102E67E}.Release|x86.Build.0 = Release|Win32
		{F4418349-045D-42DC-A830-2111DD08A0D1}.Debug|x64.ActiveCfg = Debug|x64
		{F4418349-045D-42DC-A830-2111DD08A0D1}.Debug|x64.Build.0 = Debug|x64
		{F4418349-045D-42DC-A830-2111DD08A0D1}.Debug|x86.ActiveCfg = Debug|Win32
		{F4418349-045D-42DC-A830-2111DD08A0D1}.Debug|x86.Build.0 = Debug|Win32
		{F4418349-045D-42DC-A830-2111DD08A0D1}.Release|x64.ActiveCfg = Release|x64
		{F4418349-045D-42DC-A830-2111DD08A0D1}.Release|x64.Build.0 = Release|x64
		{F4418349-045D-42DC-A830-2111DD08A0D1}.Release|x86.ActiveCfg = Release|Win32
		{F4418349-045D-42DC-A830-2111DD08A0D1}.Release|x86.Build.0 = Release|Win32
		{B172D0DB-D55C-4AA2-87C5-4437D3FFA0DB}.Debug|x64.ActiveCfg = Debug|x64
		{B172D0DB-D55C-4AA2-87C5-4437D3FFA0DB}.Debug|x64.Build.0 = Debug|x64
		{B172D0DB-D55C-4AA2-87C5-4437D3FFA0DB}.Debug|x86.ActiveCfg = Debug|Win32
		{B172D0DB-D55C-4AA2-87C5-4437D3FFA0DB}.Debug|x86.Build.0 = Debug|Win32
		{B172D0DB-D55C-4AA2-87C5-4437D3FFA0DB}.Release|x64.ActiveCfg = Release|x64
		{B172D0DB-D55C-4AA2-87C5-4437D3FFA0DB}.Release|x64.Build.0 = Release|x64
		{B172D0DB-D55C-4AA2-87C5-4437D3FFA0DB}.Release|x86.ActiveCfg = Release|Win32
		{B172D0DB-D55C-4AA2-87C5-4437D3FFA0DB}.Release|x86.Build.0 = Release|Win32
		{9F89A302-65A6-4299-9A37-F6229A5FF8F7}.Debug|x64.ActiveCfg = Debug|x64
		{9F89A302-65A6-4299-9A37-F6229A5FF8F7}.Debug|x64.Build.0 = Debug|x64
		{9F89A302-65A6-4299-9A37-F6229A5FF8F7}.Debug|x86.ActiveCfg = Debug|Win32
		{9F89A302-65A6-4299-9A37-F6229A5FF8F7}.Debug|x86.Build.0 = Debug|Win32
		{9F89A302-65A6-4299-9A37-F6229A5FF8F7}.Release|x64.ActiveCfg = Release|x64
		{9F89A302-65A6-4299-9A37-F6229A5FF8F7}.Release|x64.Build.0 = Release|x64
		{9F89A302-65A6-4299-9A37-F6229A5FF8F7}.Release|x86.ActiveCfg = Release|Win32
		{9F89A302-65A6-4299-9A37-F6229A5FF8F7}.Release|x86.Build.0 = Release|Win32
		{9758905D-6D70-473E-A887-22058BB18CF2}.Debug|x64.ActiveCfg = Debug|x64
		{9758905D-6D70-473E-A887-22058BB18CF2}.Debug|x64.Build.0 = Debug|x64
		{9758905D-6D70-473E-A887-22058BB18CF2}.Debug|x86.ActiveCfg = Debug|Win32
		{9758905D-6D70-473E-A887-22058BB18CF2}.Debug|x86.Build.0 = Debug|Win32
		{9758905D-6D70-473E-A887-22058BB18CF2}.Release|x64.ActiveCfg = Release|x64
		{9758905D-6D70-473E-A887-22058BB18CF2}.Release|x64.Build.0 = Release|x64
		{9758905D-6D70-473E-A887-22058BB18CF2}.Release|x86.ActiveCfg = Release|Win32
		{9758905D-6D70-473E-A887-22058BB18CF2}.Release|x86.Build.0 = Release|Win32
		{B565A610-14F3-4F20-858D-156642D9E952}.Debug|x64.ActiveCfg = Debug|x64
		{B565A610-14F3-4F20-858D-156642D9E952}.Debug|x64.Build.0 = Debug|x64
		{B565A610-14F3-4F20-858D-156642D9E952}.Debug|x86.ActiveCfg = Debug|Win32
		{B565A610-14F3-4F20-858D-156642D9E952}.Debug|x86.Build.0 = Debug|Win32
		{B565A610-14F3-4F20-858D-156642D9E952}.Release|x64.ActiveCfg = Release|x64
		{B565A610-14F3-4F20-858D-156642D9E952}.Release|x64.Build.0 = Release|x64
		{B565A610-14F3-4F20-858D-156642D9E952}.Release|x86.ActiveCfg = Release|Win32
		{B565A610-14F3-4F20-858D-156642D9E952}.Release|x86.Build.0 = Release|Win32
		{5C83B71C-9BC1-4760-B836-B0AE71AACF56}.Debug|x64.ActiveCfg = Debug|x64
		{5C83B71C-9BC1-4760-B836-B0AE71AACF56}.Debug|x64.Build.0 = Debug|x64
		{5C83B71C-9BC1-4760-B836-B0AE71AACF56}.Debug|x86.ActiveCfg = Debug|Win32
		{5C83B71C-9BC1-4760-B836-B0AE71AACF56}.Debug|x86.Build.0 = Debug|Win32
		{5C83B71C-9BC1-4760-B836-B0AE71AACF56}.Release|x64.ActiveCfg = Release|x64
		{5C83B71C-9BC1-4760-B836-B0AE71AACF56}.Release|x64.Build.0 = Release|x64
		{5C83B71C-9BC1-4760-B836-B0AE71AACF56}.Release|x86.ActiveCfg = Release|Win32
		{5C83B71C-9BC1-4760-B836-B0AE71AACF56}.Release|x86.Build.0 = Release|Win32
		{2232EF5B-5211-4D1E-BEAC-86FFADFAB128}.Debug|x64.ActiveCfg = Debug|x64
		{2232EF5B-5211-4D1E-BEAC-86FFADFAB128}.Debug|x64.Build.0 = Debug|x64
		{2232EF5B-5211-4D1E-BEAC-86FFADFAB128}.Debug|x86.ActiveCfg = Debug|Win32
		{2232EF5B-5211-4D1E-BEAC-86FFADFAB128}.Debug|x86.Build.0 = Debug|Win32
		{2232EF5B-5211-4D1E-BEAC-86FFADFAB128}.Release|x64.ActiveCfg = Release|x64
		{2232EF5B-5211-4D1E-BEAC-86FFADFAB128}.Release|x64.Build.0 = Release|x64
		{2232EF5B-5211-4D1E-BEAC-86FFADFAB128}.Release|x86.ActiveCfg = Release|Win32
		{2232EF5B-5211-4D1E-BEAC-86FFADFAB128}.Release|x86.Build.0 = Release|Win32
	EndGlobalSection
	GlobalSection(SolutionProperties) = preSolution
		HideSolutionNode = FALSE
	EndGlobalSection
EndGlobal
