
Microsoft Visual Studio Solution File, Format Version 12.00
# Visual Studio Version 17
VisualStudioVersion = 17.12.35521.163
MinimumVisualStudioVersion = 10.0.40219.1
Project("{8BC9CEB8-8B4A-11D0-8D11-00A0C91BC942}") = "Problem 1", "Problem 1\Problem 1.vcxproj", "{D6AE869F-9345-4F70-BBBA-DBF18D7C1E66}"
EndProject
Project("{8BC9CEB8-8B4A-11D0-8D11-00A0C91BC942}") = "Problem 2", "Problem 2\Problem 2.vcxproj", "{88B40B37-E411-4C99-8799-29F135693DD3}"
EndProject
Project("{8BC9CEB8-8B4A-11D0-8D11-00A0C91BC942}") = "Problem 3", "Problem 3\Problem 3.vcxproj", "{C4BC7C5E-58D9-47B0-970C-4B39B027C88A}"
EndProject
Project("{8BC9CEB8-8B4A-11D0-8D11-00A0C91BC942}") = "Problem 4", "Problem 4\Problem 4.vcxproj", "{A6B9E377-FD34-4E9F-95F4-B964E1CD7036}"
EndProject
Project("{8BC9CEB8-8B4A-11D0-8D11-00A0C91BC942}") = "Problem 5", "Problem 5\Problem 5.vcxproj", "{C3BBF929-E440-4975-9DAE-1C76CBF5A79D}"
EndProject
Project("{8BC9CEB8-8B4A-11D0-8D11-00A0C91BC942}") = "Problem 6", "Problem 6\Problem 6.vcxproj", "{DCFD0EF8-0560-43D2-B02B-AF6DD1B39411}"
EndProject
Project("{8BC9CEB8-8B4A-11D0-8D11-00A0C91BC942}") = "Problem 7", "Problem 7\Problem 7.vcxproj", "{C6CAEE97-69F5-4B0B-B700-74A436B11531}"
EndProject
Project("{8BC9CEB8-8B4A-11D0-8D11-00A0C91BC942}") = "Problem 8", "Problem 8\Problem 8.vcxproj", "{849D0FF6-7A1F-48BB-9D52-8EAF9365EBA8}"
EndProject
Project("{8BC9CEB8-8B4A-11D0-8D11-00A0C91BC942}") = "Problem 9", "Problem 9\Problem 9.vcxproj", "{B1C675AF-610C-4896-A206-BF396D2219AE}"
EndProject
Project("{8BC9CEB8-8B4A-11D0-8D11-00A0C91BC942}") = "Problem 10", "Problem 10\Problem 10.vcxproj", "{8AAE2708-4918-47C9-9DEE-390E22A8409A}"
EndProject
Project("{8BC9CEB8-8B4A-11D0-8D11-00A0C91BC942}") = "Problem 11", "Problem 11\Problem 11.vcxproj", "{F146599A-9AD1-46B3-B9C1-F5435B3C4FA4}"
EndProject
Project("{8BC9CEB8-8B4A-11D0-8D11-00A0C91BC942}") = "Problem 13", "Problem 13\Problem 13.vcxproj", "{2179911E-7767-44EB-AF98-EA472102E67E}"
EndProject
Project("{8BC9CEB8-8B4A-11D0-8D11-00A0C91BC942}") = "Problem 14", "Problem 14\Problem 14.vcxproj", "{F4418349-045D-42DC-A830-2111DD08A0D1}"
EndProject
Project("{8BC9CEB8-8B4A-11D0-8D11-00A0C91BC942}") = "Problem 15", "Problem 15\Problem 15.vcxproj", "{B172D0DB-D55C-4AA2-87C5-4437D3FFA0DB}"
EndProject
Project("{8BC9CEB8-8B4A-11D0-8D11-00A0C91BC942}") = "Problem 16", "Problem 16\Problem 16.vcxproj", "{9F89A302-65A6-4299-9A37-F6229A5FF8F7}"
EndProject
Project("{8BC9CEB8-8B4A-11D0-8D11-00A0C91BC942}") = "Problem 17", "Problem 17\Problem 17.vcxproj", "{9758905D-6D70-473E-A887-22058BB18CF2}"
EndProject
Project("{8BC9CEB8-8B4A-11D0-8D11-00A0C91BC942}") = "Problem 18", "Problem 18\Problem 18.vcxproj", "{B565A610-14F3-4F20-858D-156642D9E952}"
EndProject
Project("{8BC9CEB8-8B4A-11D0-8D11-00A0C91BC942}") = "Problem 19", "Problem 19\Problem 19.vcxproj", "{5C83B71C-9BC1-4760-B836-B0AE71AACF56}"
EndProject
Project("{8BC9CEB8-8B4A-11D0-8D11-00A0C91BC942}") = "Problem 20", "Problem 20\Problem 20.vcxproj", "{2232EF5B-5211-4D1E-BEAC-86FFADFAB128}"
EndProject
Project("{8BC9CEB8-8B4A-11D0-8D11-00A0C91BC942}") = "Problem 21", "Problem 21\Problem 21.vcxproj", "{58E048F3-CAD9-478C-94F6-082EFF9B811F}"
EndProject
Project("{8BC9CEB8-8B4A-11D0-8D11-00A0C91BC942}") = "Problem 22", "Problem 22\Problem 22.vcxproj", "{AB64096F-7A3C-4BA6-8ED4-54FE5C4BD6F9}"
EndProject
Project("{8BC9CEB8-8B4A-11D0-8D11-00A0C91BC942}") = "Problem 23", "Problem 23\Problem 23.vcxproj", "{A13B6B9C-2283-40CE-9BC0-6167D77E345D}"
EndProject
Project("{8BC9CEB8-8B4A-11D0-8D11-00A0C91BC942}") = "Problem 24", "Problem 24\Problem 24.vcxproj", "{BF7FFCCF-49C8-400F-8A25-176EAC9CB71E}"
EndProject
Project("{8BC9CEB8-8B4A-11D0-8D11-00A0C91BC942}") = "Problem 25", "Problem 25\Problem 25.vcxproj", "{693E25A1-FE51-4D7B-9E0C-2A966650848E}"
EndProject
Project("{8BC9CEB8-8B4A-11D0-8D11-00A0C91BC942}") = "Problem 26", "Problem 26\Problem 26.vcxproj", "{E2CE09F2-D2EB-4DEA-87B4-D5F7AC90C6E7}"
EndProject
Project("{8BC9CEB8-8B4A-11D0-8D11-00A0C91BC942}") = "Problem 27", "Problem 27\Problem 27.vcxproj", "{5FDD5EE5-37C8-4FD1-88FF-22B0205FF29D}"
EndProject
Project("{8BC9CEB8-8B4A-11D0-8D11-00A0C91BC942}") = "Problem 28", "Problem 28\Problem 28.vcxproj", "{F669525B-C170-4FCB-B0B6-82B1A9DCAAFE}"
EndProject
Project("{8BC9CEB8-8B4A-11D0-8D11-00A0C91BC942}") = "Problem 29", "Problem 29\Problem 29.vcxproj", "{3CBFE80D-19C0-4F40-B1EA-11ABC0D6E00D}"
EndProject
Project("{8BC9CEB8-8B4A-11D0-8D11-00A0C91BC942}") = "Problem 30", "Problem 30\Problem 30.vcxproj", "{8147D840-97EF-4E84-B8B1-B05859113D07}"
EndProject
Project("{8BC9CEB8-8B4A-11D0-8D11-00A0C91BC942}") = "Problem 31", "Problem 31\Problem 31.vcxproj", "{F1F93957-3C58-4B37-A6C8-F568B0BBE4B9}"
EndProject
Project("{8BC9CEB8-8B4A-11D0-8D11-00A0C91BC942}") = "Problem 32", "Problem 32\Problem 32.vcxproj", "{4B6043C5-E9DA-474C-A036-C8FE246BD127}"
EndProject
Project("{8BC9CEB8-8B4A-11D0-8D11-00A0C91BC942}") = "Problem 33", "Problem 33\Problem 33.vcxproj", "{610101DD-7C43-4A04-AE56-6A95B935DC62}"
EndProject
Project("{8BC9CEB8-8B4A-11D0-8D11-00A0C91BC942}") = "Problem 34", "Problem 34\Problem 34.vcxproj", "{138F7D2F-66DE-4AFF-9838-C69E155AFC2A}"
EndProject
Project("{8BC9CEB8-8B4A-11D0-8D11-00A0C91BC942}") = "Problem 35", "Problem 35\Problem 35.vcxproj", "{EC74D8CA-50A5-40F7-B97F-A4BAAF2E4D66}"
EndProject
Project("{8BC9CEB8-8B4A-11D0-8D11-00A0C91BC942}") = "Problem 36", "Problem 36\Problem 36.vcxproj", "{D6ACFD1B-7496-4F5F-A54C-AAD5E22D1CB2}"
EndProject
Project("{8BC9CEB8-8B4A-11D0-8D11-00A0C91BC942}") = "Problem 37", "Problem 37\Problem 37.vcxproj", "{8A4EF209-3560-4DBD-9D3C-184194892B1F}"
EndProject
Project("{8BC9CEB8-8B4A-11D0-8D11-00A0C91BC942}") = "Problem 38", "Problem 38\Problem 38.vcxproj", "{EB5953AC-AD02-4511-8148-356F2C8AA4F8}"
EndProject
Project("{8BC9CEB8-8B4A-11D0-8D11-00A0C91BC942}") = "Problem 39", "Problem 39\Problem 39.vcxproj", "{F9B9BC31-6FD0-41EF-9601-9FCA8EFF19F9}"
EndProject
Project("{8BC9CEB8-8B4A-11D0-8D11-00A0C91BC942}") = "Problem 40", "Problem 40\Problem 40.vcxproj", "{920AD3A9-6FB9-4E7F-93CA-E18827A8D03A}"
EndProject
Project("{8BC9CEB8-8B4A-11D0-8D11-00A0C91BC942}") = "Problem 41", "Problem 41\Problem 41.vcxproj", "{FF880686-CC23-4997-A325-443AF4378310}"
EndProject
Project("{8BC9CEB8-8B4A-11D0-8D11-00A0C91BC942}") = "Problem 42", "Problem 42\Problem 42.vcxproj", "{9A3F891B-27D6-49BE-AC92-49F63D51641D}"
EndProject
Project("{8BC9CEB8-8B4A-11D0-8D11-00A0C91BC942}") = "Problem 44", "Problem 44\Problem 44.vcxproj", "{B520AF5A-56EF-4839-9BDC-8839DBB67007}"
EndProject
Project("{8BC9CEB8-8B4A-11D0-8D11-00A0C91BC942}") = "Problem 45", "Problem 45\Problem 45.vcxproj", "{FE165747-321A-4BB4-A1BC-258992E3BE96}"
EndProject
Project("{8BC9CEB8-8B4A-11D0-8D11-00A0C91BC942}") = "Problem 46", "Problem 46\Problem 46.vcxproj", "{74A02CC4-5704-4645-A799-EDC3DB6CDD1B}"
EndProject
Project("{8BC9CEB8-8B4A-11D0-8D11-00A0C91BC942}") = "Problem 47", "Problem 47\Problem 47.vcxproj", "{9873B232-24B5-4696-A015-1B280B92431B}"
EndProject
Project("{8BC9CEB8-8B4A-11D0-8D11-00A0C91BC942}") = "Problem 48", "Problem 48\Problem 48.vcxproj", "{F16757D4-9422-4350-BF75-CE49E615570F}"
EndProject
Project("{8BC9CEB8-8B4A-11D0-8D11-00A0C91BC942}") = "Problem 49", "Problem 49\Problem 49.vcxproj", "{897EDC4D-69ED-41F4-BF0B-8C047EA714A2}"
EndProject
Project("{8BC9CEB8-8B4A-11D0-8D11-00A0C91BC942}") = "Problem 50", "Problem 50\Problem 50.vcxproj", "{3A8EEE8B-C4BD-4577-AD41-A60223427FED}"
EndProject
Global
	GlobalSection(SolutionConfigurationPlatforms) = preSolution
		Debug|x64 = Debug|x64
		Debug|x86 = Debug|x86
		Release|x64 = Release|x64
		Release|x86 = Release|x86
	EndGlobalSection
	GlobalSection(ProjectConfigurationPlatforms) = postSolution
		{D6AE869F-9345-4F70-BBBA-DBF18D7C1E66}.Debug|x64.ActiveCfg = Debug|x64
		{D6AE869F-9345-4F70-BBBA-DBF18D7C1E66}.Debug|x64.Build.0 = Debug|x64
		{D6AE869F-9345-4F70-BBBA-DBF18D7C1E66}.Debug|x86.ActiveCfg = Debug|Win32
		{D6AE869F-9345-4F70-BBBA-DBF18D7C1E66}.Debug|x86.Build.0 = Debug|Win32
		{D6AE869F-9345-4F70-BBBA-DBF18D7C1E66}.Release|x64.ActiveCfg = Release|x64
		{D6AE869F-9345-4F70-BBBA-DBF18D7C1E66}.Release|x64.Build.0 = Release|x64
		{D6AE869F-9345-4F70-BBBA-DBF18D7C1E66}.Release|x86.ActiveCfg = Release|Win32
		{D6AE869F-9345-4F70-BBBA-DBF18D7C1E66}.Release|x86.Build.0 = Release|Win32
		{88B40B37-E411-4C99-8799-29F135693DD3}.Debug|x64.ActiveCfg = Debug|x64
		{88B40B37-E411-4C99-8799-29F135693DD3}.Debug|x64.Build.0 = Debug|x64
		{88B40B37-E411-4C99-8799-29F135693DD3}.Debug|x86.ActiveCfg = Debug|Win32
		{88B40B37-E411-4C99-8799-29F135693DD3}.Debug|x86.Build.0 = Debug|Win32
		{88B40B37-E411-4C99-8799-29F135693DD3}.Release|x64.ActiveCfg = Release|x64
		{88B40B37-E411-4C99-8799-29F135693DD3}.Release|x64.Build.0 = Release|x64
		{88B40B37-E411-4C99-8799-29F135693DD3}.Release|x86.ActiveCfg = Release|Win32
		{88B40B37-E411-4C99-8799-29F135693DD3}.Release|x86.Build.0 = Release|Win32
		{C4BC7C5E-58D9-47B0-970C-4B39B027C88A}.Debug|x64.ActiveCfg = Debug|x64
		{C4BC7C5E-58D9-47B0-970C-4B39B027C88A}.Debug|x64.Build.0 = Debug|x64
		{C4BC7C5E-58D9-47B0-970C-4B39B027C88A}.Debug|x86.ActiveCfg = Debug|Win32
		{C4BC7C5E-58D9-47B0-970C-4B39B027C88A}.Debug|x86.Build.0 = Debug|Win32
		{C4BC7C5E-58D9-47B0-970C-4B39B027C88A}.Release|x64.ActiveCfg = Release|x64
		{C4BC7C5E-58D9-47B0-970C-4B39B027C88A}.Release|x64.Build.0 = Release|x64
		{C4BC7C5E-58D9-47B0-970C-4B39B027C88A}.Release|x86.ActiveCfg = Release|Win32
		{C4BC7C5E-58D9-47B0-970C-4B39B027C88A}.Release|x86.Build.0 = Release|Win32
		{A6B9E377-FD34-4E9F-95F4-B964E1CD7036}.Debug|x64.ActiveCfg = Debug|x64
		{A6B9E377-FD34-4E9F-95F4-B964E1CD7036}.Debug|x64.Build.0 = Debug|x64
		{A6B9E377-FD34-4E9F-95F4-B964E1CD7036}.Debug|x86.ActiveCfg = Debug|Win32
		{A6B9E377-FD34-4E9F-95F4-B964E1CD7036}.Debug|x86.Build.0 = Debug|Win32
		{A6B9E377-FD34-4E9F-95F4-B964E1CD7036}.Release|x64.ActiveCfg = Release|x64
		{A6B9E377-FD34-4E9F-95F4-B964E1CD7036}.Release|x64.Build.0 = Release|x64
		{A6B9E377-FD34-4E9F-95F4-B964E1CD7036}.Release|x86.ActiveCfg = Release|Win32
		{A6B9E377-FD34-4E9F-95F4-B964E1CD7036}.Release|x86.Build.0 = Release|Win32
		{C3BBF929-E440-4975-9DAE-1C76CBF5A79D}.Debug|x64.ActiveCfg = Debug|x64
		{C3BBF929-E440-4975-9DAE-1C76CBF5A79D}.Debug|x64.Build.0 = Debug|x64
		{C3BBF929-E440-4975-9DAE-1C76CBF5A79D}.Debug|x86.ActiveCfg = Debug|Win32
		{C3BBF929-E440-4975-9DAE-1C76CBF5A79D}.Debug|x86.Build.0 = Debug|Win32
		{C3BBF929-E440-4975-9DAE-1C76CBF5A79D}.Release|x64.ActiveCfg = Release|x64
		{C3BBF929-E440-4975-9DAE-1C76CBF5A79D}.Release|x64.Build.0 = Release|x64
		{C3BBF929-E440-4975-9DAE-1C76CBF5A79D}.Release|x86.ActiveCfg = Release|Win32
		{C3BBF929-E440-4975-9DAE-1C76CBF5A79D}.Release|x86.Build.0 = Release|Win32
		{DCFD0EF8-0560-43D2-B02B-AF6DD1B39411}.Debug|x64.ActiveCfg = Debug|x64
		{DCFD0EF8-0560-43D2-B02B-AF6DD1B39411}.Debug|x64.Build.0 = Debug|x64
		{DCFD0EF8-0560-43D2-B02B-AF6DD1B39411}.Debug|x86.ActiveCfg = Debug|Win32
		{DCFD0EF8-0560-43D2-B02B-AF6DD1B39411}.Debug|x86.Build.0 = Debug|Win32
		{DCFD0EF8-0560-43D2-B02B-AF6DD1B39411}.Release|x64.ActiveCfg = Release|x64
		{DCFD0EF8-0560-43D2-B02B-AF6DD1B39411}.Release|x64.Build.0 = Release|x64
		{DCFD0EF8-0560-43D2-B02B-AF6DD1B39411}.Release|x86.ActiveCfg = Release|Win32
		{DCFD0EF8-0560-43D2-B02B-AF6DD1B39411}.Release|x86.Build.0 = Release|Win32
		{C6CAEE97-69F5-4B0B-B700-74A436B11531}.Debug|x64.ActiveCfg = Debug|x64
		{C6CAEE97-69F5-4B0B-B700-74A436B11531}.Debug|x64.Build.0 = Debug|x64
		{C6CAEE97-69F5-4B0B-B700-74A436B11531}.Debug|x86.ActiveCfg = Debug|Win32
		{C6CAEE97-69F5-4B0B-B700-74A436B11531}.Debug|x86.Build.0 = Debug|Win32
		{C6CAEE97-69F5-4B0B-B700-74A436B11531}.Release|x64.ActiveCfg = Release|x64
		{C6CAEE97-69F5-4B0B-B700-74A436B11531}.Release|x64.Build.0 = Release|x64
		{C6CAEE97-69F5-4B0B-B700-74A436B11531}.Release|x86.ActiveCfg = Release|Win32
		{C6CAEE97-69F5-4B0B-B700-74A436B11531}.Release|x86.Build.0 = Release|Win32
		{849D0FF6-7A1F-48BB-9D52-8EAF9365EBA8}.Debug|x64.ActiveCfg = Debug|x64
		{849D0FF6-7A1F-48BB-9D52-8EAF9365EBA8}.Debug|x64.Build.0 = Debug|x64
		{849D0FF6-7A1F-48BB-9D52-8EAF9365EBA8}.Debug|x86.ActiveCfg = Debug|Win32
		{849D0FF6-7A1F-48BB-9D52-8EAF9365EBA8}.Debug|x86.Build.0 = Debug|Win32
		{849D0FF6-7A1F-48BB-9D52-8EAF9365EBA8}.Release|x64.ActiveCfg = Release|x64
		{849D0FF6-7A1F-48BB-9D52-8EAF9365EBA8}.Release|x64.Build.0 = Release|x64
		{849D0FF6-7A1F-48BB-9D52-8EAF9365EBA8}.Release|x86.ActiveCfg = Release|Win32
		{849D0FF6-7A1F-48BB-9D52-8EAF9365EBA8}.Release|x86.Build.0 = Release|Win32
		{B1C675AF-610C-4896-A206-BF396D2219AE}.Debug|x64.ActiveCfg = Debug|x64
		{B1C675AF-610C-4896-A206-BF396D2219AE}.Debug|x64.Build.0 = Debug|x64
		{B1C675AF-610C-4896-A206-BF396D2219AE}.Debug|x86.ActiveCfg = Debug|Win32
		{B1C675AF-610C-4896-A206-BF396D2219AE}.Debug|x86.Build.0 = Debug|Win32
		{B1C675AF-610C-4896-A206-BF396D2219AE}.Release|x64.ActiveCfg = Release|x64
		{B1C675AF-610C-4896-A206-BF396D2219AE}.Release|x64.Build.0 = Release|x64
		{B1C675AF-610C-4896-A206-BF396D2219AE}.Release|x86.ActiveCfg = Release|Win32
		{B1C675AF-610C-4896-A206-BF396D2219AE}.Release|x86.Build.0 = Release|Win32
		{8AAE2708-4918-47C9-9DEE-390E22A8409A}.Debug|x64.ActiveCfg = Debug|x64
		{8AAE2708-4918-47C9-9DEE-390E22A8409A}.Debug|x64.Build.0 = Debug|x64
		{8AAE2708-4918-47C9-9DEE-390E22A8409A}.Debug|x86.ActiveCfg = Debug|Win32
		{8AAE2708-4918-47C9-9DEE-390E22A8409A}.Debug|x86.Build.0 = Debug|Win32
		{8AAE2708-4918-47C9-9DEE-390E22A8409A}.Release|x64.ActiveCfg = Release|x64
		{8AAE2708-4918-47C9-9DEE-390E22A8409A}.Release|x64.Build.0 = Release|x64
		{8AAE2708-4918-47C9-9DEE-390E22A8409A}.Release|x86.ActiveCfg = Release|Win32
		{8AAE2708-4918-47C9-9DEE-390E22A8409A}.Release|x86.Build.0 = Release|Win32
		{F146599A-9AD1-46B3-B9C1-F5435B3C4FA4}.Debug|x64.ActiveCfg = Debug|x64
		{F146599A-9AD1-46B3-B9C1-F5435B3C4FA4}.Debug|x64.Build.0 = Debug|x64
		{F146599A-9AD1-46B3-B9C1-F5435B3C4FA4}.Debug|x86.ActiveCfg = Debug|Win32
		{F146599A-9AD1-46B3-B9C1-F5435B3C4FA4}.Debug|x86.Build.0 = Debug|Win32
		{F146599A-9AD1-46B3-B9C1-F5435B3C4FA4}.Release|x64.ActiveCfg = Release|x64
		{F146599A-9AD1-46B3-B9C1-F5435B3C4FA4}.Release|x64.Build.0 = Release|x64
		{F146599A-9AD1-46B3-B9C1-F5435B3C4FA4}.Release|x86.ActiveCfg = Release|Win32
		{F146599A-9AD1-46B3-B9C1-F5435B3C4FA4}.Release|x86.Build.0 = Release|Win32
		{2179911E-7767-44EB-AF98-EA472102E67E}.Debug|x64.ActiveCfg = Debug|x64
		{2179911E-7767-44EB-AF98-EA472102E67E}.Debug|x64.Build.0 = Debug|x64
		{2179911E-7767-44EB-AF98-EA472102E67E}.Debug|x86.ActiveCfg = Debug|Win32
		{2179911E-7767-44EB-AF98-EA472102E67E}.Debug|x86.Build.0 = Debug|Win32
		{2179911E-7767-44EB-AF98-EA472102E67E}.Release|x64.ActiveCfg = Release|x64
		{2179911E-7767-44EB-AF98-EA472102E67E}.Release|x64.Build.0 = Release|x64
		{2179911E-7767-44EB-AF98-EA472102E67E}.Release|x86.ActiveCfg = Release|Win32
		{2179911E-7767-44EB-AF98-EA472102E67E}.Release|x86.Build.0 = Release|Win32
		{F4418349-045D-42DC-A830-2111DD08A0D1}.Debug|x64.ActiveCfg = Debug|x64
		{F4418349-045D-42DC-A830-2111DD08A0D1}.Debug|x64.Build.0 = Debug|x64
		{F4418349-045D-42DC-A830-2111DD08A0D1}.Debug|x86.ActiveCfg = Debug|Win32
		{F4418349-045D-42DC-A830-2111DD08A0D1}.Debug|x86.Build.0 = Debug|Win32
		{F4418349-045D-42DC-A830-2111DD08A0D1}.Release|x64.ActiveCfg = Release|x64
		{F4418349-045D-42DC-A830-2111DD08A0D1}.Release|x64.Build.0 = Release|x64
		{F4418349-045D-42DC-A830-2111DD08A0D1}.Release|x86.ActiveCfg = Release|Win32
		{F4418349-045D-42DC-A830-2111DD08A0D1}.Release|x86.Build.0 = Release|Win32
		{B172D0DB-D55C-4AA2-87C5-4437D3FFA0DB}.Debug|x64.ActiveCfg = Debug|x64
		{B172D0DB-D55C-4AA2-87C5-4437D3FFA0DB}.Debug|x64.Build.0 = Debug|x64
		{B172D0DB-D55C-4AA2-87C5-4437D3FFA0DB}.Debug|x86.ActiveCfg = Debug|Win32
		{B172D0DB-D55C-4AA2-87C5-4437D3FFA0DB}.Debug|x86.Build.0 = Debug|Win32
		{B172D0DB-D55C-4AA2-87C5-4437D3FFA0DB}.Release|x64.ActiveCfg = Release|x64
		{B172D0DB-D55C-4AA2-87C5-4437D3FFA0DB}.Release|x64.Build.0 = Release|x64
		{B172D0DB-D55C-4AA2-87C5-4437D3FFA0DB}.Release|x86.ActiveCfg = Release|Win32
		{B172D0DB-D55C-4AA2-87C5-4437D3FFA0DB}.Release|x86.Build.0 = Release|Win32
		{9F89A302-65A6-4299-9A37-F6229A5FF8F7}.Debug|x64.ActiveCfg = Debug|x64
		{9F89A302-65A6-4299-9A37-F6229A5FF8F7}.Debug|x64.Build.0 = Debug|x64
		{9F89A302-65A6-4299-9A37-F6229A5FF8F7}.Debug|x86.ActiveCfg = Debug|Win32
		{9F89A302-65A6-4299-9A37-F6229A5FF8F7}.Debug|x86.Build.0 = Debug|Win32
		{9F89A302-65A6-4299-9A37-F6229A5FF8F7}.Release|x64.ActiveCfg = Release|x64
		{9F89A302-65A6-4299-9A37-F6229A5FF8F7}.Release|x64.Build.0 = Release|x64
		{9F89A302-65A6-4299-9A37-F6229A5FF8F7}.Release|x86.ActiveCfg = Release|Win32
		{9F89A302-65A6-4299-9A37-F6229A5FF8F7}.Release|x86.Build.0 = Release|Win32
		{9758905D-6D70-473E-A887-22058BB18CF2}.Debug|x64.ActiveCfg = Debug|x64
		{9758905D-6D70-473E-A887-22058BB18CF2}.Debug|x64.Build.0 = Debug|x64
		{9758905D-6D70-473E-A887-22058BB18CF2}.Debug|x86.ActiveCfg = Debug|Win32
		{9758905D-6D70-473E-A887-22058BB18CF2}.Debug|x86.Build.0 = Debug|Win32
		{9758905D-6D70-473E-A887-22058BB18CF2}.Release|x64.ActiveCfg = Release|x64
		{9758905D-6D70-473E-A887-22058BB18CF2}.Release|x64.Build.0 = Release|x64
		{9758905D-6D70-473E-A887-22058BB18CF2}.Release|x86.ActiveCfg = Release|Win32
		{9758905D-6D70-473E-A887-22058BB18CF2}.Release|x86.Build.0 = Release|Win32
		{B565A610-14F3-4F20-858D-156642D9E952}.Debug|x64.ActiveCfg = Debug|x64
		{B565A610-14F3-4F20-858D-156642D9E952}.Debug|x64.Build.0 = Debug|x64
		{B565A610-14F3-4F20-858D-156642D9E952}.Debug|x86.ActiveCfg = Debug|Win32
		{B565A610-14F3-4F20-858D-156642D9E952}.Debug|x86.Build.0 = Debug|Win32
		{B565A610-14F3-4F20-858D-156642D9E952}.Release|x64.ActiveCfg = Release|x64
		{B565A610-14F3-4F20-858D-156642D9E952}.Release|x64.Build.0 = Release|x64
		{B565A610-14F3-4F20-858D-156642D9E952}.Release|x86.ActiveCfg = Release|Win32
		{B565A610-14F3-4F20-858D-156642D9E952}.Release|x86.Build.0 = Release|Win32
		{5C83B71C-9BC1-4760-B836-B0AE71AACF56}.Debug|x64.ActiveCfg = Debug|x64
		{5C83B71C-9BC1-4760-B836-B0AE71AACF56}.Debug|x64.Build.0 = Debug|x64
		{5C83B71C-9BC1-4760-B836-B0AE71AACF56}.Debug|x86.ActiveCfg = Debug|Win32
		{5C83B71C-9BC1-4760-B836-B0AE71AACF56}.Debug|x86.Build.0 = Debug|Win32
		{5C83B71C-9BC1-4760-B836-B0AE71AACF56}.Release|x64.ActiveCfg = Release|x64
		{5C83B71C-9BC1-4760-B836-B0AE71AACF56}.Release|x64.Build.0 = Release|x64
		{5C83B71C-9BC1-4760-B836-B0AE71AACF56}.Release|x86.ActiveCfg = Release|Win32
		{5C83B71C-9BC1-4760-B836-B0AE71AACF56}.Release|x86.Build.0 = Release|Win32
		{2232EF5B-5211-4D1E-BEAC-86FFADFAB128}.Debug|x64.ActiveCfg = Debug|x64
		{2232EF5B-5211-4D1E-BEAC-86FFADFAB128}.Debug|x64.Build.0 = Debug|x64
		{2232EF5B-5211-4D1E-BEAC-86FFADFAB128}.Debug|x86.ActiveCfg = Debug|Win32
		{2232EF5B-5211-4D1E-BEAC-86FFADFAB128}.Debug|x86.Build.0 = Debug|Win32
		{2232EF5B-5211-4D1E-BEAC-86FFADFAB128}.Release|x64.ActiveCfg = Release|x64
		{2232EF5B-5211-4D1E-BEAC-86FFADFAB128}.Release|x64.Build.0 = Release|x64
		{2232EF5B-5211-4D1E-BEAC-86FFADFAB128}.Release|x86.ActiveCfg = Release|Win32
		{2232EF5B-5211-4D1E-BEAC-86FFADFAB128}.Release|x86.Build.0 = Release|Win32
		{58E048F3-CAD9-478C-94F6-082EFF9B811F}.Debug|x64.ActiveCfg = Debug|x64
		{58E048F3-CAD9-478C-94F6-082EFF9B811F}.Debug|x64.Build.0 = Debug|x64
		{58E048F3-CAD9-478C-94F6-082EFF9B811F}.Debug|x86.ActiveCfg = Debug|Win32
		{58E048F3-CAD9-478C-94F6-082EFF9B811F}.Debug|x86.Build.0 = Debug|Win32
		{58E048F3-CAD9-478C-94F6-082EFF9B811F}.Release|x64.ActiveCfg = Release|x64
		{58E048F3-CAD9-478C-94F6-082EFF9B811F}.Release|x64.Build.0 = Release|x64
		{58E048F3-CAD9-478C-94F6-082EFF9B811F}.Release|x86.ActiveCfg = Release|Win32
		{58E048F3-CAD9-478C-94F6-082EFF9B811F}.Release|x86.Build.0 = Release|Win32
		{AB64096F-7A3C-4BA6-8ED4-54FE5C4BD6F9}.Debug|x64.ActiveCfg = Debug|x64
		{AB64096F-7A3C-4BA6-8ED4-54FE5C4BD6F9}.Debug|x64.Build.0 = Debug|x64
		{AB64096F-7A3C-4BA6-8ED4-54FE5C4BD6F9}.Debug|x86.ActiveCfg = Debug|Win32
		{AB64096F-7A3C-4BA6-8ED4-54FE5C4BD6F9}.Debug|x86.Build.0 = Debug|Win32
		{AB64096F-7A3C-4BA6-8ED4-54FE5C4BD6F9}.Release|x64.ActiveCfg = Release|x64
		{AB64096F-7A3C-4BA6-8ED4-54FE5C4BD6F9}.Release|x64.Build.0 = Release|x64
		{AB64096F-7A3C-4BA6-8ED4-54FE5C4BD6F9}.Release|x86.ActiveCfg = Release|Win32
		{AB64096F-7A3C-4BA6-8ED4-54FE5C4BD6F9}.Release|x86.Build.0 = Release|Win32
		{A13B6B9C-2283-40CE-9BC0-6167D77E345D}.Debug|x64.ActiveCfg = Debug|x64
		{A13B6B9C-2283-40CE-9BC0-6167D77E345D}.Debug|x64.Build.0 = Debug|x64
		{A13B6B9C-2283-40CE-9BC0-6167D77E345D}.Debug|x86.ActiveCfg = Debug|Win32
		{A13B6B9C-2283-40CE-9BC0-6167D77E345D}.Debug|x86.Build.0 = Debug|Win32
		{A13B6B9C-2283-40CE-9BC0-6167D77E345D}.Release|x64.ActiveCfg = Release|x64
		{A13B6B9C-2283-40CE-9BC0-6167D77E345D}.Release|x64.Build.0 = Release|x64
		{A13B6B9C-2283-40CE-9BC0-6167D77E345D}.Release|x86.ActiveCfg = Release|Win32
		{A13B6B9C-2283-40CE-9BC0-6167D77E345D}.Release|x86.Build.0 = Release|Win32
		{BF7FFCCF-49C8-400F-8A25-176EAC9CB71E}.Debug|x64.ActiveCfg = Debug|x64
		{BF7FFCCF-49C8-400F-8A25-176EAC9CB71E}.Debug|x64.Build.0 = Debug|x64
		{BF7FFCCF-49C8-400F-8A25-176EAC9CB71E}.Debug|x86.ActiveCfg = Debug|Win32
		{BF7FFCCF-49C8-400F-8A25-176EAC9CB71E}.Debug|x86.Build.0 = Debug|Win32
		{BF7FFCCF-49C8-400F-8A25-176EAC9CB71E}.Release|x64.ActiveCfg = Release|x64
		{BF7FFCCF-49C8-400F-8A25-176EAC9CB71E}.Release|x64.Build.0 = Release|x64
		{BF7FFCCF-49C8-400F-8A25-176EAC9CB71E}.Release|x86.ActiveCfg = Release|Win32
		{BF7FFCCF-49C8-400F-8A25-176EAC9CB71E}.Release|x86.Build.0 = Release|Win32
		{693E25A1-FE51-4D7B-9E0C-2A966650848E}.Debug|x64.ActiveCfg = Debug|x64
		{693E25A1-FE51-4D7B-9E0C-2A966650848E}.Debug|x64.Build.0 = Debug|x64
		{693E25A1-FE51-4D7B-9E0C-2A966650848E}.Debug|x86.ActiveCfg = Debug|Win32
		{693E25A1-FE51-4D7B-9E0C-2A966650848E}.Debug|x86.Build.0 = Debug|Win32
		{693E25A1-FE51-4D7B-9E0C-2A966650848E}.Release|x64.ActiveCfg = Release|x64
		{693E25A1-FE51-4D7B-9E0C-2A966650848E}.Release|x64.Build.0 = Release|x64
		{693E25A1-FE51-4D7B-9E0C-2A966650848E}.Release|x86.ActiveCfg = Release|Win32
		{693E25A1-FE51-4D7B-9E0C-2A966650848E}.Release|x86.Build.0 = Release|Win32
		{E2CE09F2-D2EB-4DEA-87B4-D5F7AC90C6E7}.Debug|x64.ActiveCfg = Debug|x64
		{E2CE09F2-D2EB-4DEA-87B4-D5F7AC90C6E7}.Debug|x64.Build.0 = Debug|x64
		{E2CE09F2-D2EB-4DEA-87B4-D5F7AC90C6E7}.Debug|x86.ActiveCfg = Debug|Win32
		{E2CE09F2-D2EB-4DEA-87B4-D5F7AC90C6E7}.Debug|x86.Build.0 = Debug|Win32
		{E2CE09F2-D2EB-4DEA-87B4-D5F7AC90C6E7}.Release|x64.ActiveCfg = Release|x64
		{E2CE09F2-D2EB-4DEA-87B4-D5F7AC90C6E7}.Release|x64.Build.0 = Release|x64
		{E2CE09F2-D2EB-4DEA-87B4-D5F7AC90C6E7}.Release|x86.ActiveCfg = Release|Win32
		{E2CE09F2-D2EB-4DEA-87B4-D5F7AC90C6E7}.Release|x86.Build.0 = Release|Win32
		{5FDD5EE5-37C8-4FD1-88FF-22B0205FF29D}.Debug|x64.ActiveCfg = Debug|x64
		{5FDD5EE5-37C8-4FD1-88FF-22B0205FF29D}.Debug|x64.Build.0 = Debug|x64
		{5FDD5EE5-37C8-4FD1-88FF-22B0205FF29D}.Debug|x86.ActiveCfg = Debug|Win32
		{5FDD5EE5-37C8-4FD1-88FF-22B0205FF29D}.Debug|x86.Build.0 = Debug|Win32
		{5FDD5EE5-37C8-4FD1-88FF-22B0205FF29D}.Release|x64.ActiveCfg = Release|x64
		{5FDD5EE5-37C8-4FD1-88FF-22B0205FF29D}.Release|x64.Build.0 = Release|x64
		{5FDD5EE5-37C8-4FD1-88FF-22B0205FF29D}.Release|x86.ActiveCfg = Release|Win32
		{5FDD5EE5-37C8-4FD1-88FF-22B0205FF29D}.Release|x86.Build.0 = Release|Win32
		{F669525B-C170-4FCB-B0B6-82B1A9DCAAFE}.Debug|x64.ActiveCfg = Debug|x64
		{F669525B-C170-4FCB-B0B6-82B1A9DCAAFE}.Debug|x64.Build.0 = Debug|x64
		{F669525B-C170-4FCB-B0B6-82B1A9DCAAFE}.Debug|x86.ActiveCfg = Debug|Win32
		{F669525B-C170-4FCB-B0B6-82B1A9DCAAFE}.Debug|x86.Build.0 = Debug|Win32
		{F669525B-C170-4FCB-B0B6-82B1A9DCAAFE}.Release|x64.ActiveCfg = Release|x64
		{F669525B-C170-4FCB-B0B6-82B1A9DCAAFE}.Release|x64.Build.0 = Release|x64
		{F669525B-C170-4FCB-B0B6-82B1A9DCAAFE}.Release|x86.ActiveCfg = Release|Win32
		{F669525B-C170-4FCB-B0B6-82B1A9DCAAFE}.Release|x86.Build.0 = Release|Win32
		{3CBFE80D-19C0-4F40-B1EA-11ABC0D6E00D}.Debug|x64.ActiveCfg = Debug|x64
		{3CBFE80D-19C0-4F40-B1EA-11ABC0D6E00D}.Debug|x64.Build.0 = Debug|x64
		{3CBFE80D-19C0-4F40-B1EA-11ABC0D6E00D}.Debug|x86.ActiveCfg = Debug|Win32
		{3CBFE80D-19C0-4F40-B1EA-11ABC0D6E00D}.Debug|x86.Build.0 = Debug|Win32
		{3CBFE80D-19C0-4F40-B1EA-11ABC0D6E00D}.Release|x64.ActiveCfg = Release|x64
		{3CBFE80D-19C0-4F40-B1EA-11ABC0D6E00D}.Release|x64.Build.0 = Release|x64
		{3CBFE80D-19C0-4F40-B1EA-11ABC0D6E00D}.Release|x86.ActiveCfg = Release|Win32
		{3CBFE80D-19C0-4F40-B1EA-11ABC0D6E00D}.Release|x86.Build.0 = Release|Win32
		{8147D840-97EF-4E84-B8B1-B05859113D07}.Debug|x64.ActiveCfg = Debug|x64
		{8147D840-97EF-4E84-B8B1-B05859113D07}.Debug|x64.Build.0 = Debug|x64
		{8147D840-97EF-4E84-B8B1-B05859113D07}.Debug|x86.ActiveCfg = Debug|Win32
		{8147D840-97EF-4E84-B8B1-B05859113D07}.Debug|x86.Build.0 = Debug|Win32
		{8147D840-97EF-4E84-B8B1-B05859113D07}.Release|x64.ActiveCfg = Release|x64
		{8147D840-97EF-4E84-B8B1-B05859113D07}.Release|x64.Build.0 = Release|x64
		{8147D840-97EF-4E84-B8B1-B05859113D07}.Release|x86.ActiveCfg = Release|Win32
		{8147D840-97EF-4E84-B8B1-B05859113D07}.Release|x86.Build.0 = Release|Win32
		{F1F93957-3C58-4B37-A6C8-F568B0BBE4B9}.Debug|x64.ActiveCfg = Debug|x64
		{F1F93957-3C58-4B37-A6C8-F568B0BBE4B9}.Debug|x64.Build.0 = Debug|x64
		{F1F93957-3C58-4B37-A6C8-F568B0BBE4B9}.Debug|x86.ActiveCfg = Debug|Win32
		{F1F93957-3C58-4B37-A6C8-F568B0BBE4B9}.Debug|x86.Build.0 = Debug|Win32
		{F1F93957-3C58-4B37-A6C8-F568B0BBE4B9}.Release|x64.ActiveCfg = Release|x64
		{F1F93957-3C58-4B37-A6C8-F568B0BBE4B9}.Release|x64.Build.0 = Release|x64
		{F1F93957-3C58-4B37-A6C8-F568B0BBE4B9}.Release|x86.ActiveCfg = Release|Win32
		{F1F93957-3C58-4B37-A6C8-F568B0BBE4B9}.Release|x86.Build.0 = Release|Win32
		{4B6043C5-E9DA-474C-A036-C8FE246BD127}.Debug|x64.ActiveCfg = Debug|x64
		{4B6043C5-E9DA-474C-A036-C8FE246BD127}.Debug|x64.Build.0 = Debug|x64
		{4B6043C5-E9DA-474C-A036-C8FE246BD127}.Debug|x86.ActiveCfg = Debug|Win32
		{4B6043C5-E9DA-474C-A036-C8FE246BD127}.Debug|x86.Build.0 = Debug|Win32
		{4B6043C5-E9DA-474C-A036-C8FE246BD127}.Release|x64.ActiveCfg = Release|x64
		{4B6043C5-E9DA-474C-A036-C8FE246BD127}.Release|x64.Build.0 = Release|x64
		{4B6043C5-E9DA-474C-A036-C8FE246BD127}.Release|x86.ActiveCfg = Release|Win32
		{4B6043C5-E9DA-474C-A036-C8FE246BD127}.Release|x86.Build.0 = Release|Win32
		{610101DD-7C43-4A04-AE56-6A95B935DC62}.Debug|x64.ActiveCfg = Debug|x64
		{610101DD-7C43-4A04-AE56-6A95B935DC62}.Debug|x64.Build.0 = Debug|x64
		{610101DD-7C43-4A04-AE56-6A95B935DC62}.Debug|x86.ActiveCfg = Debug|Win32
		{610101DD-7C43-4A04-AE56-6A95B935DC62}.Debug|x86.Build.0 = Debug|Win32
		{610101DD-7C43-4A04-AE56-6A95B935DC62}.Release|x64.ActiveCfg = Release|x64
		{610101DD-7C43-4A04-AE56-6A95B935DC62}.Release|x64.Build.0 = Release|x64
		{610101DD-7C43-4A04-AE56-6A95B935DC62}.Release|x86.ActiveCfg = Release|Win32
		{610101DD-7C43-4A04-AE56-6A95B935DC62}.Release|x86.Build.0 = Release|Win32
		{138F7D2F-66DE-4AFF-9838-C69E155AFC2A}.Debug|x64.ActiveCfg = Debug|x64
		{138F7D2F-66DE-4AFF-9838-C69E155AFC2A}.Debug|x64.Build.0 = Debug|x64
		{138F7D2F-66DE-4AFF-9838-C69E155AFC2A}.Debug|x86.ActiveCfg = Debug|Win32
		{138F7D2F-66DE-4AFF-9838-C69E155AFC2A}.Debug|x86.Build.0 = Debug|Win32
		{138F7D2F-66DE-4AFF-9838-C69E155AFC2A}.Release|x64.ActiveCfg = Release|x64
		{138F7D2F-66DE-4AFF-9838-C69E155AFC2A}.Release|x64.Build.0 = Release|x64
		{138F7D2F-66DE-4AFF-9838-C69E155AFC2A}.Release|x86.ActiveCfg = Release|Win32
		{138F7D2F-66DE-4AFF-9838-C69E155AFC2A}.Release|x86.Build.0 = Release|Win32
		{EC74D8CA-50A5-40F7-B97F-A4BAAF2E4D66}.Debug|x64.ActiveCfg = Debug|x64
		{EC74D8CA-50A5-40F7-B97F-A4BAAF2E4D66}.Debug|x64.Build.0 = Debug|x64
		{EC74D8CA-50A5-40F7-B97F-A4BAAF2E4D66}.Debug|x86.ActiveCfg = Debug|Win32
		{EC74D8CA-50A5-40F7-B97F-A4BAAF2E4D66}.Debug|x86.Build.0 = Debug|Win32
		{EC74D8CA-50A5-40F7-B97F-A4BAAF2E4D66}.Release|x64.ActiveCfg = Release|x64
		{EC74D8CA-50A5-40F7-B97F-A4BAAF2E4D66}.Release|x64.Build.0 = Release|x64
		{EC74D8CA-50A5-40F7-B97F-A4BAAF2E4D66}.Release|x86.ActiveCfg = Release|Win32
		{EC74D8CA-50A5-40F7-B97F-A4BAAF2E4D66}.Release|x86.Build.0 = Release|Win32
		{D6ACFD1B-7496-4F5F-A54C-AAD5E22D1CB2}.Debug|x64.ActiveCfg = Debug|x64
		{D6ACFD1B-7496-4F5F-A54C-AAD5E22D1CB2}.Debug|x64.Build.0 = Debug|x64
		{D6ACFD1B-7496-4F5F-A54C-AAD5E22D1CB2}.Debug|x86.ActiveCfg = Debug|Win32
		{D6ACFD1B-7496-4F5F-A54C-AAD5E22D1CB2}.Debug|x86.Build.0 = Debug|Win32
		{D6ACFD1B-7496-4F5F-A54C-AAD5E22D1CB2}.Release|x64.ActiveCfg = Release|x64
		{D6ACFD1B-7496-4F5F-A54C-AAD5E22D1CB2}.Release|x64.Build.0 = Release|x64
		{D6ACFD1B-7496-4F5F-A54C-AAD5E22D1CB2}.Release|x86.ActiveCfg = Release|Win32
		{D6ACFD1B-7496-4F5F-A54C-AAD5E22D1CB2}.Release|x86.Build.0 = Release|Win32
		{8A4EF209-3560-4DBD-9D3C-184194892B1F}.Debug|x64.ActiveCfg = Debug|x64
		{8A4EF209-3560-4DBD-9D3C-184194892B1F}.Debug|x64.Build.0 = Debug|x64
		{8A4EF209-3560-4DBD-9D3C-184194892B1F}.Debug|x86.ActiveCfg = Debug|Win32
		{8A4EF209-3560-4DBD-9D3C-184194892B1F}.Debug|x86.Build.0 = Debug|Win32
		{8A4EF209-3560-4DBD-9D3C-184194892B1F}.Release|x64.ActiveCfg = Release|x64
		{8A4EF209-3560-4DBD-9D3C-184194892B1F}.Release|x64.Build.0 = Release|x64
		{8A4EF209-3560-4DBD-9D3C-184194892B1F}.Release|x86.ActiveCfg = Release|Win32
		{8A4EF209-3560-4DBD-9D3C-184194892B1F}.Release|x86.Build.0 = Release|Win32
		{EB5953AC-AD02-4511-8148-356F2C8AA4F8}.Debug|x64.ActiveCfg = Debug|x64
		{EB5953AC-AD02-4511-8148-356F2C8AA4F8}.Debug|x64.Build.0 = Debug|x64
		{EB5953AC-AD02-4511-8148-356F2C8AA4F8}.Debug|x86.ActiveCfg = Debug|Win32
		{EB5953AC-AD02-4511-8148-356F2C8AA4F8}.Debug|x86.Build.0 = Debug|Win32
		{EB5953AC-AD02-4511-8148-356F2C8AA4F8}.Release|x64.ActiveCfg = Release|x64
		{EB5953AC-AD02-4511-8148-356F2C8AA4F8}.Release|x64.Build.0 = Release|x64
		{EB5953AC-AD02-4511-8148-356F2C8AA4F8}.Release|x86.ActiveCfg = Release|Win32
		{EB5953AC-AD02-4511-8148-356F2C8AA4F8}.Release|x86.Build.0 = Release|Win32
		{F9B9BC31-6FD0-41EF-9601-9FCA8EFF19F9}.Debug|x64.ActiveCfg = Debug|x64
		{F9B9BC31-6FD0-41EF-9601-9FCA8EFF19F9}.Debug|x64.Build.0 = Debug|x64
		{F9B9BC31-6FD0-41EF-9601-9FCA8EFF19F9}.Debug|x86.ActiveCfg = Debug|Win32
		{F9B9BC31-6FD0-41EF-9601-9FCA8EFF19F9}.Debug|x86.Build.0 = Debug|Win32
		{F9B9BC31-6FD0-41EF-9601-9FCA8EFF19F9}.Release|x64.ActiveCfg = Release|x64
		{F9B9BC31-6FD0-41EF-9601-9FCA8EFF19F9}.Release|x64.Build.0 = Release|x64
		{F9B9BC31-6FD0-41EF-9601-9FCA8EFF19F9}.Release|x86.ActiveCfg = Release|Win32
		{F9B9BC31-6FD0-41EF-9601-9FCA8EFF19F9}.Release|x86.Build.0 = Release|Win32
		{920AD3A9-6FB9-4E7F-93CA-E18827A8D03A}.Debug|x64.ActiveCfg = Debug|x64
		{920AD3A9-6FB9-4E7F-93CA-E18827A8D03A}.Debug|x64.Build.0 = Debug|x64
		{920AD3A9-6FB9-4E7F-93CA-E18827A8D03A}.Debug|x86.ActiveCfg = Debug|Win32
		{920AD3A9-6FB9-4E7F-93CA-E18827A8D03A}.Debug|x86.Build.0 = Debug|Win32
		{920AD3A9-6FB9-4E7F-93CA-E18827A8D03A}.Release|x64.ActiveCfg = Release|x64
		{920AD3A9-6FB9-4E7F-93CA-E18827A8D03A}.Release|x64.Build.0 = Release|x64
		{920AD3A9-6FB9-4E7F-93CA-E18827A8D03A}.Release|x86.ActiveCfg = Release|Win32
		{920AD3A9-6FB9-4E7F-93CA-E18827A8D03A}.Release|x86.Build.0 = Release|Win32
		{FF880686-CC23-4997-A325-443AF4378310}.Debug|x64.ActiveCfg = Debug|x64
		{FF880686-CC23-4997-A325-443AF4378310}.Debug|x64.Build.0 = Debug|x64
		{FF880686-CC23-4997-A325-443AF4378310}.Debug|x86.ActiveCfg = Debug|Win32
		{FF880686-CC23-4997-A325-443AF4378310}.Debug|x86.Build.0 = Debug|Win32
		{FF880686-CC23-4997-A325-443AF4378310}.Release|x64.ActiveCfg = Release|x64
		{FF880686-CC23-4997-A325-443AF4378310}.Release|x64.Build.0 = Release|x64
		{FF880686-CC23-4997-A325-443AF4378310}.Release|x86.ActiveCfg = Release|Win32
		{FF880686-CC23-4997-A325-443AF4378310}.Release|x86.Build.0 = Release|Win32
		{9A3F891B-27D6-49BE-AC92-49F63D51641D}.Debug|x64.ActiveCfg = Debug|x64
		{9A3F891B-27D6-49BE-AC92-49F63D51641D}.Debug|x64.Build.0 = Debug|x64
		{9A3F891B-27D6-49BE-AC92-49F63D51641D}.Debug|x86.ActiveCfg = Debug|Win32
		{9A3F891B-27D6-49BE-AC92-49F63D51641D}.Debug|x86.Build.0 = Debug|Win32
		{9A3F891B-27D6-49BE-AC92-49F63D51641D}.Release|x64.ActiveCfg = Release|x64
		{9A3F891B-27D6-49BE-AC92-49F63D51641D}.Release|x64.Build.0 = Release|x64
		{9A3F891B-27D6-49BE-AC92-49F63D51641D}.Release|x86.ActiveCfg = Release|Win32
		{9A3F891B-27D6-49BE-AC92-49F63D51641D}.Release|x86.Build.0 = Release|Win32
		{B520AF5A-56EF-4839-9BDC-8839DBB67007}.Debug|x64.ActiveCfg = Debug|x64
		{B520AF5A-56EF-4839-9BDC-8839DBB67007}.Debug|x64.Build.0 = Debug|x64
		{B520AF5A-56EF-4839-9BDC-8839DBB67007}.Debug|x86.ActiveCfg = Debug|Win32
		{B520AF5A-56EF-4839-9BDC-8839DBB67007}.Debug|x86.Build.0 = Debug|Win32
		{B520AF5A-56EF-4839-9BDC-8839DBB67007}.Release|x64.ActiveCfg = Release|x64
		{B520AF5A-56EF-4839-9BDC-8839DBB67007}.Release|x64.Build.0 = Release|x64
		{B520AF5A-56EF-4839-9BDC-8839DBB67007}.Release|x86.ActiveCfg = Release|Win32
		{B520AF5A-56EF-4839-9BDC-8839DBB67007}.Release|x86.Build.0 = Release|Win32
		{FE165747-321A-4BB4-A1BC-258992E3BE96}.Debug|x64.ActiveCfg = Debug|x64
		{FE165747-321A-4BB4-A1BC-258992E3BE96}.Debug|x64.Build.0 = Debug|x64
		{FE165747-321A-4BB4-A1BC-258992E3BE96}.Debug|x86.ActiveCfg = Debug|Win32
		{FE165747-321A-4BB4-A1BC-258992E3BE96}.Debug|x86.Build.0 = Debug|Win32
		{FE165747-321A-4BB4-A1BC-258992E3BE96}.Release|x64.ActiveCfg = Release|x64
		{FE165747-321A-4BB4-A1BC-258992E3BE96}.Release|x64.Build.0 = Release|x64
		{FE165747-321A-4BB4-A1BC-258992E3BE96}.Release|x86.ActiveCfg = Release|Win32
		{FE165747-321A-4BB4-A1BC-258992E3BE96}.Release|x86.Build.0 = Release|Win32
		{74A02CC4-5704-4645-A799-EDC3DB6CDD1B}.Debug|x64.ActiveCfg = Debug|x64
		{74A02CC4-5704-4645-A799-EDC3DB6CDD1B}.Debug|x64.Build.0 = Debug|x64
		{74A02CC4-5704-4645-A799-EDC3DB6CDD1B}.Debug|x86.ActiveCfg = Debug|Win32
		{74A02CC4-5704-4645-A799-EDC3DB6CDD1B}.Debug|x86.Build.0 = Debug|Win32
		{74A02CC4-5704-4645-A799-EDC3DB6CDD1B}.Release|x64.ActiveCfg = Release|x64
		{74A02CC4-5704-4645-A799-EDC3DB6CDD1B}.Release|x64.Build.0 = Release|x64
		{74A02CC4-5704-4645-A799-EDC3DB6CDD1B}.Release|x86.ActiveCfg = Release|Win32
		{74A02CC4-5704-4645-A799-EDC3DB6CDD1B}.Release|x86.Build.0 = Release|Win32
		{9873B232-24B5-4696-A015-1B280B92431B}.Debug|x64.ActiveCfg = Debug|x64
		{9873B232-24B5-4696-A015-1B280B92431B}.Debug|x64.Build.0 = Debug|x64
		{9873B232-24B5-4696-A015-1B280B92431B}.Debug|x86.ActiveCfg = Debug|Win32
		{9873B232-24B5-4696-A015-1B280B92431B}.Debug|x86.Build.0 = Debug|Win32
		{9873B232-24B5-4696-A015-1B280B92431B}.Release|x64.ActiveCfg = Release|x64
		{9873B232-24B5-4696-A015-1B280B92431B}.Release|x64.Build.0 = Release|x64
		{9873B232-24B5-4696-A015-1B280B92431B}.Release|x86.ActiveCfg = Release|Win32
		{9873B232-24B5-4696-A015-1B280B92431B}.Release|x86.Build.0 = Release|Win32
		{F16757D4-9422-4350-BF75-CE49E615570F}.Debug|x64.ActiveCfg = Debug|x64
		{F16757D4-9422-4350-BF75-CE49E615570F}.Debug|x64.Build.0 = Debug|x64
		{F16757D4-9422-4350-BF75-CE49E615570F}.Debug|x86.ActiveCfg = Debug|Win32
		{F16757D4-9422-4350-BF75-CE49E615570F}.Debug|x86.Build.0 = Debug|Win32
		{F16757D4-9422-4350-BF75-CE49E615570F}.Release|x64.ActiveCfg = Release|x64
		{F16757D4-9422-4350-BF75-CE49E615570F}.Release|x64.Build.0 = Release|x64
		{F16757D4-9422-4350-BF75-CE49E615570F}.Release|x86.ActiveCfg = Release|Win32
		{F16757D4-9422-4350-BF75-CE49E615570F}.Release|x86.Build.0 = Release|Win32
		{897EDC4D-69ED-41F4-BF0B-8C047EA714A2}.Debug|x64.ActiveCfg = Debug|x64
		{897EDC4D-69ED-41F4-BF0B-8C047EA714A2}.Debug|x64.Build.0 = Debug|x64
		{897EDC4D-69ED-41F4-BF0B-8C047EA714A2}.Debug|x86.ActiveCfg = Debug|Win32
		{897EDC4D-69ED-41F4-BF0B-8C047EA714A2}.Debug|x86.Build.0 = Debug|Win32
		{897EDC4D-69ED-41F4-BF0B-8C047EA714A2}.Release|x64.ActiveCfg = Release|x64
		{897EDC4D-69ED-41F4-BF0B-8C047EA714A2}.Release|x64.Build.0 = Release|x64
		{897EDC4D-69ED-41F4-BF0B-8C047EA714A2}.Release|x86.ActiveCfg = Release|Win32
		{897EDC4D-69ED-41F4-BF0B-8C047EA714A2}.Release|x86.Build.0 = Release|Win32
		{3A8EEE8B-C4BD-4577-AD41-A60223427FED}.Debug|x64.ActiveCfg = Debug|x64
		{3A8EEE8B-C4BD-4577-AD41-A60223427FED}.Debug|x64.Build.0 = Debug|x64
		{3A8EEE8B-C4BD-4577-AD41-A60223427FED}.Debug|x86.ActiveCfg = Debug|Win32
		{3A8EEE8B-C4BD-4577-AD41-A60223427FED}.Debug|x86.Build.0 = Debug|Win32
		{3A8EEE8B-C4BD-4577-AD41-A60223427FED}.Release|x64.ActiveCfg = Release|x64
		{3A8EEE8B-C4BD-4577-AD41-A60223427FED}.Release|x64.Build.0 = Release|x64
		{3A8EEE8B-C4BD-4577-AD41-A60223427FED}.Release|x86.ActiveCfg = Release|Win32
		{3A8EEE8B-C4BD-4577-AD41-A60223427FED}.Release|x86.Build.0 = Release|Win32
	EndGlobalSection
	GlobalSection(SolutionProperties) = preSolution
		HideSolutionNode = FALSE
	EndGlobalSection
EndGlobal
